
Microsoft Visual Studio Solution File, Format Version 12.00
# Visual Studio Version 17
VisualStudioVersion = 17.4.33205.214
MinimumVisualStudioVersion = 10.0.40219.1
Project("{FAE04EC0-301F-11D3-BF4B-00C04F79EFBC}") = "Expense Tracker", "Expense Tracker\Expense Tracker.csproj", "{73BAC8E8-888B-417D-BE58-22FB7A37A6C3}"
EndProject
Project("{2150E333-8FDC-42A3-9474-1A3956D46DE8}") = "Solution Items", "Solution Items", "{1BC1C929-F263-458F-97C7-AD349F91A42E}"
	ProjectSection(SolutionItems) = preProject
		.editorconfig = .editorconfig
	EndProjectSection
EndProject
Global
	GlobalSection(SolutionConfigurationPlatforms) = preSolution
		Debug|Any CPU = Debug|Any CPU
		Release|Any CPU = Release|Any CPU
	EndGlobalSection
	GlobalSection(ProjectConfigurationPlatforms) = postSolution
		{73BAC8E8-888B-417D-BE58-22FB7A37A6C3}.Debug|Any CPU.ActiveCfg = Debug|Any CPU
		{73BAC8E8-888B-417D-BE58-22FB7A37A6C3}.Debug|Any CPU.Build.0 = Debug|Any CPU
		{73BAC8E8-888B-417D-BE58-22FB7A37A6C3}.Release|Any CPU.ActiveCfg = Release|Any CPU
		{73BAC8E8-888B-417D-BE58-22FB7A37A6C3}.Release|Any CPU.Build.0 = Release|Any CPU
	EndGlobalSection
	GlobalSection(SolutionProperties) = preSolution
		HideSolutionNode = FALSE
	EndGlobalSection
	GlobalSection(ExtensibilityGlobals) = postSolution
		SolutionGuid = {0CCF8C26-48FC-4AAA-B43F-ABF50BFDEDF4}
	EndGlobalSection
EndGlobal
